{
  "version": 4,
  "terraform_version": "1.15.4",
  "serial": 49,
  "lineage": "3d61a72d-8adb-e51c-b883-5e4c3afc3f3c",
  "outputs": {
    "vm_all_ips": {
      "value": [],
      "type": [
        "tuple",
        []
      ]
    },
    "vm_ip": {
      "value": "No interfaces found",
      "type": "string"
    }
  },
  "resources": [
    {
      "mode": "data",
      "type": "libvirt_domain_interface_addresses",
      "name": "ubuntu_vm",
      "provider": "provider[\"registry.terraform.io/dmacvicar/libvirt\"]",
      "instances": [
        {
          "schema_version": 0,
          "attributes": {
            "domain": "ubuntu-vm",
            "id": "381038d5-2dc9-4a6e-ba3b-3a462c3bfdf4",
            "interfaces": [],
            "source": "lease"
          },
          "sensitive_attributes": [],
          "identity_schema_version": 0
        }
      ]
    },
    {
      "mode": "managed",
      "type": "libvirt_cloudinit_disk",
      "name": "ubuntu_init",
      "provider": "provider[\"registry.terraform.io/dmacvicar/libvirt\"]",
      "instances": [
        {
          "schema_version": 0,
          "attributes": {
            "id": "f4d396b752c14d9c",
            "meta_data": "instance-id: ubuntu-vm\nlocal-hostname: ubuntu-vm\n",
            "name": "ubuntu-init.iso",
            "network_config": "version: 2\nethernets:\n  eth0:\n    dhcp4: true\n",
            "path": "/tmp/terraform-provider-libvirt-cloudinit/cloudinit-f4d396b752c14d9c.iso",
            "size": 45056,
            "user_data": "#cloud-config\nhostname: ubuntu-vm\nmanage_etc_hosts: true\nusers:\n  - name: ubuntu\n    sudo: ALL=(ALL) NOPASSWD:ALL\n    shell: /bin/bash\n    lock_passwd: false\n    passwd: $6$rounds=4096$3XxKvQdQzXs$lV9QqgKQgFvgkWRtPQQGqKFhVckC3lqQwQxQxQxQx\nruncmd:\n  - apt-get update\n  - apt-get install -y qemu-guest-agent\n  - systemctl enable qemu-guest-agent --now\n"
          },
          "sensitive_attributes": [],
          "identity_schema_version": 0
        }
      ]
    },
    {
      "mode": "managed",
      "type": "libvirt_domain",
      "name": "ubuntu_vm",
      "provider": "provider[\"registry.terraform.io/dmacvicar/libvirt\"]",
      "instances": [
        {
          "schema_version": 0,
          "attributes": {
            "autostart": null,
            "bhyve_commandline": null,
            "block_io_tune": null,
            "bootloader": null,
            "bootloader_args": null,
            "clock": null,
            "cpu": {
              "cache": null,
              "check": null,
              "deprecated_features": null,
              "features": null,
              "match": null,
              "max_phys_addr": null,
              "migratable": null,
              "mode": "host-passthrough",
              "model": null,
              "model_fallback": null,
              "model_vendor_id": null,
              "numa": null,
              "topology": null,
              "vendor": null
            },
            "cpu_tune": null,
            "create": null,
            "current_memory": null,
            "current_memory_unit": null,
            "default_io_thread": null,
            "description": null,
            "destroy": null,
            "devices": {
              "audios": null,
              "channels": null,
              "consoles": null,
              "controllers": null,
              "crypto": null,
              "disks": [
                {
                  "acpi": null,
                  "address": null,
                  "alias": null,
                  "auth": null,
                  "backend_domain": null,
                  "backing_store": null,
                  "block_io": null,
                  "boot": null,
                  "device": null,
                  "driver": null,
                  "encryption": null,
                  "geometry": null,
                  "io_tune": null,
                  "mirror": null,
                  "model": null,
                  "product": null,
                  "raw_io": null,
                  "read_only": null,
                  "serial": null,
                  "sgio": null,
                  "shareable": null,
                  "snapshot": null,
                  "source": {
                    "block": null,
                    "cookies": null,
                    "data_store": null,
                    "dir": null,
                    "encryption": null,
                    "file": null,
                    "index": null,
                    "network": null,
                    "nvme": null,
                    "readahead": null,
                    "reservations": null,
                    "slices": null,
                    "ssl": null,
                    "startup_policy": null,
                    "timeout": null,
                    "vhost_user": null,
                    "vhost_vdpa": null,
                    "volume": {
                      "mode": null,
                      "pool": "default",
                      "sec_label": null,
                      "volume": "ubuntu-vm-disk.qcow2"
                    }
                  },
                  "target": {
                    "bus": "virtio",
                    "dev": "vda",
                    "removable": null,
                    "rotation_rate": null,
                    "tray": null
                  },
                  "throttle_filters": null,
                  "transient": null,
                  "vendor": null,
                  "wwn": null
                },
                {
                  "acpi": null,
                  "address": null,
                  "alias": null,
                  "auth": null,
                  "backend_domain": null,
                  "backing_store": null,
                  "block_io": null,
                  "boot": null,
                  "device": "cdrom",
                  "driver": null,
                  "encryption": null,
                  "geometry": null,
                  "io_tune": null,
                  "mirror": null,
                  "model": null,
                  "product": null,
                  "raw_io": null,
                  "read_only": null,
                  "serial": null,
                  "sgio": null,
                  "shareable": null,
                  "snapshot": null,
                  "source": {
                    "block": null,
                    "cookies": null,
                    "data_store": null,
                    "dir": null,
                    "encryption": null,
                    "file": null,
                    "index": null,
                    "network": null,
                    "nvme": null,
                    "readahead": null,
                    "reservations": null,
                    "slices": null,
                    "ssl": null,
                    "startup_policy": null,
                    "timeout": null,
                    "vhost_user": null,
                    "vhost_vdpa": null,
                    "volume": {
                      "mode": null,
                      "pool": "default",
                      "sec_label": null,
                      "volume": "ubuntu-init.iso"
                    }
                  },
                  "target": {
                    "bus": "sata",
                    "dev": "sdb",
                    "removable": null,
                    "rotation_rate": null,
                    "tray": null
                  },
                  "throttle_filters": null,
                  "transient": null,
                  "vendor": null,
                  "wwn": null
                }
              ],
              "emulator": null,
              "filesystems": null,
              "graphics": null,
              "hostdevs": null,
              "hubs": null,
              "inputs": null,
              "interfaces": [
                {
                  "acpi": null,
                  "address": null,
                  "alias": null,
                  "backend": null,
                  "backend_domain": null,
                  "bandwidth": null,
                  "boot": null,
                  "coalesce": null,
                  "down_script": null,
                  "driver": null,
                  "filter_ref": null,
                  "guest": null,
                  "ip": null,
                  "link": null,
                  "mac": null,
                  "managed": null,
                  "model": {
                    "type": "virtio"
                  },
                  "mtu": null,
                  "port_forward": null,
                  "port_options": null,
                  "rom": null,
                  "route": null,
                  "script": null,
                  "source": {
                    "bridge": null,
                    "client": null,
                    "direct": null,
                    "ethernet": null,
                    "hostdev": null,
                    "internal": null,
                    "mcast": null,
                    "network": {
                      "bridge": null,
                      "network": "default",
                      "port_group": null,
                      "port_id": null
                    },
                    "null": null,
                    "server": null,
                    "udp": null,
                    "user": null,
                    "vdpa": null,
                    "vds": null,
                    "vhost_user": null
                  },
                  "target": null,
                  "teaming": null,
                  "trust_guest_rx_filters": null,
                  "tune": null,
                  "virtual_port": null,
                  "vlan": null,
                  "wait_for_ip": {
                    "source": "lease",
                    "timeout": 300
                  }
                }
              ],
              "iommu": null,
              "leases": null,
              "mem_balloon": null,
              "memorydevs": null,
              "nvram": null,
              "panics": null,
              "parallels": null,
              "pstore": null,
              "redir_devs": null,
              "redir_filters": null,
              "rngs": null,
              "serials": null,
              "shmems": null,
              "smartcards": null,
              "sounds": null,
              "tpms": null,
              "videos": null,
              "vsock": null,
              "watchdogs": null
            },
            "features": null,
            "gen_id": null,
            "hwuuid": null,
            "id": null,
            "id_map": null,
            "io_thread_i_ds": null,
            "io_threads": null,
            "key_wrap": null,
            "launch_security": null,
            "lxc_namespace": null,
            "maximum_memory": null,
            "maximum_memory_slots": null,
            "maximum_memory_unit": null,
            "memory": 2097152,
            "memory_backing": null,
            "memory_dump_core": null,
            "memory_tune": null,
            "memory_unit": null,
            "metadata": null,
            "name": "ubuntu-vm",
            "numa_tune": null,
            "on_crash": null,
            "on_poweroff": null,
            "on_reboot": null,
            "os": {
              "acpi": null,
              "bios": null,
              "boot_devices": [
                {
                  "dev": "hd"
                },
                {
                  "dev": "network"
                }
              ],
              "boot_menu": null,
              "cmdline": null,
              "dtb": null,
              "firmware": null,
              "firmware_info": null,
              "init": null,
              "init_args": null,
              "init_dir": null,
              "init_env": null,
              "init_group": null,
              "init_user": null,
              "initrd": null,
              "kernel": null,
              "loader": null,
              "loader_format": null,
              "loader_readonly": null,
              "loader_secure": null,
              "loader_stateless": null,
              "loader_type": null,
              "nv_ram": null,
              "shim": null,
              "sm_bios": null,
              "type": "hvm",
              "type_arch": "x86_64",
              "type_machine": "q35"
            },
            "perf": null,
            "pm": null,
            "qemu_capabilities": null,
            "qemu_commandline": null,
            "qemu_deprecation": null,
            "qemu_override": null,
            "resource": null,
            "running": null,
            "sec_label": null,
            "sys_info": null,
            "throttle_groups": null,
            "title": null,
            "type": "kvm",
            "update": null,
            "uuid": "381038d5-2dc9-4a6e-ba3b-3a462c3bfdf4",
            "vcpu": 2,
            "vcpu_cpuset": null,
            "vcpu_current": null,
            "vcpu_placement": null,
            "vcpus": null,
            "vmware_data_center_path": null,
            "xen_commandline": null
          },
          "sensitive_attributes": [],
          "identity_schema_version": 0,
          "dependencies": [
            "libvirt_cloudinit_disk.ubuntu_init",
            "libvirt_volume.ubuntu_base",
            "libvirt_volume.ubuntu_init_volume",
            "libvirt_volume.ubuntu_vm_disk"
          ]
        }
      ]
    },
    {
      "mode": "managed",
      "type": "libvirt_volume",
      "name": "ubuntu_base",
      "provider": "provider[\"registry.terraform.io/dmacvicar/libvirt\"]",
      "instances": [
        {
          "schema_version": 0,
          "attributes": {
            "allocation": 627924992,
            "allocation_unit": null,
            "backing_store": null,
            "capacity": 3758096384,
            "capacity_unit": null,
            "create": {
              "content": {
                "url": "/home/soufian/Downloads/noble-server-cloudimg-amd64.img"
              }
            },
            "id": "/var/lib/libvirt/images/ubuntu-noble-base.qcow2",
            "key": "/var/lib/libvirt/images/ubuntu-noble-base.qcow2",
            "name": "ubuntu-noble-base.qcow2",
            "path": "/var/lib/libvirt/images/ubuntu-noble-base.qcow2",
            "physical": 627923968,
            "physical_unit": null,
            "pool": "default",
            "target": {
              "cluster_size": null,
              "cluster_size_unit": null,
              "compat": null,
              "encryption": null,
              "features": null,
              "format": {
                "type": "qcow2"
              },
              "path": "/var/lib/libvirt/images/ubuntu-noble-base.qcow2",
              "permissions": null,
              "timestamps": null
            },
            "type": null
          },
          "sensitive_attributes": [],
          "identity_schema_version": 0
        }
      ]
    },
    {
      "mode": "managed",
      "type": "libvirt_volume",
      "name": "ubuntu_init_volume",
      "provider": "provider[\"registry.terraform.io/dmacvicar/libvirt\"]",
      "instances": [
        {
          "schema_version": 0,
          "attributes": {
            "allocation": 45056,
            "allocation_unit": null,
            "backing_store": null,
            "capacity": 45056,
            "capacity_unit": null,
            "create": {
              "content": {
                "url": "/tmp/terraform-provider-libvirt-cloudinit/cloudinit-f4d396b752c14d9c.iso"
              }
            },
            "id": "/var/lib/libvirt/images/ubuntu-init.iso",
            "key": "/var/lib/libvirt/images/ubuntu-init.iso",
            "name": "ubuntu-init.iso",
            "path": "/var/lib/libvirt/images/ubuntu-init.iso",
            "physical": 45056,
            "physical_unit": null,
            "pool": "default",
            "target": null,
            "type": null
          },
          "sensitive_attributes": [],
          "identity_schema_version": 0,
          "dependencies": [
            "libvirt_cloudinit_disk.ubuntu_init"
          ]
        }
      ]
    },
    {
      "mode": "managed",
      "type": "libvirt_volume",
      "name": "ubuntu_vm_disk",
      "provider": "provider[\"registry.terraform.io/dmacvicar/libvirt\"]",
      "instances": [
        {
          "schema_version": 0,
          "attributes": {
            "allocation": 200704,
            "allocation_unit": null,
            "backing_store": {
              "format": {
                "type": "qcow2"
              },
              "path": "/var/lib/libvirt/images/ubuntu-noble-base.qcow2",
              "permissions": null
            },
            "capacity": 10737418240,
            "capacity_unit": null,
            "create": null,
            "id": "/var/lib/libvirt/images/ubuntu-vm-disk.qcow2",
            "key": "/var/lib/libvirt/images/ubuntu-vm-disk.qcow2",
            "name": "ubuntu-vm-disk.qcow2",
            "path": "/var/lib/libvirt/images/ubuntu-vm-disk.qcow2",
            "physical": 196768,
            "physical_unit": null,
            "pool": "default",
            "target": {
              "cluster_size": null,
              "cluster_size_unit": null,
              "compat": null,
              "encryption": null,
              "features": null,
              "format": {
                "type": "qcow2"
              },
              "path": "/var/lib/libvirt/images/ubuntu-vm-disk.qcow2",
              "permissions": null,
              "timestamps": null
            },
            "type": null
          },
          "sensitive_attributes": [],
          "identity_schema_version": 0,
          "dependencies": [
            "libvirt_volume.ubuntu_base"
          ]
        }
      ]
    }
  ],
  "check_results": null
}
